// !$*UTF8*$!
{
	archiveVersion = 1;
	classes = {
	};
	objectVersion = 77;
	objects = {

/* Begin PBXBuildFile section */
		32557CE82F9804CD00D2DCCB /* Hub in Frameworks */ = {isa = PBXBuildFile; productRef = 32557CE72F9804CD00D2DCCB /* Hub */; };
		32557CEA2F9804CD00D2DCCB /* Tokenizers in Frameworks */ = {isa = PBXBuildFile; productRef = 32557CE92F9804CD00D2DCCB /* Tokenizers */; };
		32557CEC2F9804CD00D2DCCB /* Transformers in Frameworks */ = {isa = PBXBuildFile; productRef = 32557CEB2F9804CD00D2DCCB /* Transformers */; };
		32557CEF2F9804ED00D2DCCB /* MLXHuggingFace in Frameworks */ = {isa = PBXBuildFile; productRef = 32557CEE2F9804ED00D2DCCB /* MLXHuggingFace */; };
		32557CF12F9804ED00D2DCCB /* MLXLMCommon in Frameworks */ = {isa = PBXBuildFile; productRef = 32557CF02F9804ED00D2DCCB /* MLXLMCommon */; };
		32557CF32F9804ED00D2DCCB /* MLXVLM in Frameworks */ = {isa = PBXBuildFile; productRef = 32557CF22F9804ED00D2DCCB /* MLXVLM */; };
		32557CF62F98050800D2DCCB /* MLX in Frameworks */ = {isa = PBXBuildFile; productRef = 32557CF52F98050800D2DCCB /* MLX */; };
		32557CF82F98050800D2DCCB /* MLXFast in Frameworks */ = {isa = PBXBuildFile; productRef = 32557CF72F98050800D2DCCB /* MLXFast */; };
		32557CFA2F98050800D2DCCB /* MLXRandom in Frameworks */ = {isa = PBXBuildFile; productRef = 32557CF92F98050800D2DCCB /* MLXRandom */; };
		32557CFC2F98055E00D2DCCB /* Hub in Frameworks */ = {isa = PBXBuildFile; productRef = 32557CFB2F98055E00D2DCCB /* Hub */; };
		8DE2AADA1FF5D07327378D97 /* Pods_ispy.framework in Frameworks */ = {isa = PBXBuildFile; fileRef = 3C7B9084CA8F8F8D56D5704B /* Pods_ispy.framework */; };
		AA0000012F99ABCD00000001 /* LiteRTLMSwift in Frameworks */ = {isa = PBXBuildFile; productRef = AA0000022F99ABCD00000002 /* LiteRTLMSwift */; };
/* End PBXBuildFile section */

/* Begin PBXFileReference section */
		0F5B82824EDF6B252DC325C0 /* Pods-ispy.release.xcconfig */ = {isa = PBXFileReference; includeInIndex = 1; lastKnownFileType = text.xcconfig; name = "Pods-ispy.release.xcconfig"; path = "Target Support Files/Pods-ispy/Pods-ispy.release.xcconfig"; sourceTree = "<group>"; };
		329559C42F96CF8F0047FDCA /* ispy.app */ = {isa = PBXFileReference; explicitFileType = wrapper.application; includeInIndex = 0; path = ispy.app; sourceTree = BUILT_PRODUCTS_DIR; };
		3C7B9084CA8F8F8D56D5704B /* Pods_ispy.framework */ = {isa = PBXFileReference; explicitFileType = wrapper.framework; includeInIndex = 0; path = Pods_ispy.framework; sourceTree = BUILT_PRODUCTS_DIR; };
		64D808CEB5DD2E79268A0A8F /* Pods-ispy.debug.xcconfig */ = {isa = PBXFileReference; includeInIndex = 1; lastKnownFileType = text.xcconfig; name = "Pods-ispy.debug.xcconfig"; path = "Target Support Files/Pods-ispy/Pods-ispy.debug.xcconfig"; sourceTree = "<group>"; };
/* End PBXFileReference section */

/* Begin PBXFileSystemSynchronizedRootGroup section */
		329559C62F96CF8F0047FDCA /* ispy */ = {
			isa = PBXFileSystemSynchronizedRootGroup;
			path = ispy;
			sourceTree = "<group>";
		};
/* End PBXFileSystemSynchronizedRootGroup section */

/* Begin PBXFrameworksBuildPhase section */
		329559C12F96CF8F0047FDCA /* Frameworks */ = {
			isa = PBXFrameworksBuildPhase;
			buildActionMask = 2147483647;
			files = (
				32557CF82F98050800D2DCCB /* MLXFast in Frameworks */,
				32557CEF2F9804ED00D2DCCB /* MLXHuggingFace in Frameworks */,
				32557CE82F9804CD00D2DCCB /* Hub in Frameworks */,
				32557CFA2F98050800D2DCCB /* MLXRandom in Frameworks */,
				8DE2AADA1FF5D07327378D97 /* Pods_ispy.framework in Frameworks */,
				32557CF32F9804ED00D2DCCB /* MLXVLM in Frameworks */,
				32557CF62F98050800D2DCCB /* MLX in Frameworks */,
				32557CEC2F9804CD00D2DCCB /* Transformers in Frameworks */,
				32557CFC2F98055E00D2DCCB /* Hub in Frameworks */,
				32557CF12F9804ED00D2DCCB /* MLXLMCommon in Frameworks */,
				32557CEA2F9804CD00D2DCCB /* Tokenizers in Frameworks */,
				AA0000012F99ABCD00000001 /* LiteRTLMSwift in Frameworks */,
			);
			runOnlyForDeploymentPostprocessing = 0;
		};
/* End PBXFrameworksBuildPhase section */

/* Begin PBXGroup section */
		329559BB2F96CF8F0047FDCA = {
			isa = PBXGroup;
			children = (
				329559C62F96CF8F0047FDCA /* ispy */,
				329559C52F96CF8F0047FDCA /* Products */,
				F96B9ED67E4750C457103F3F /* Pods */,
				822B695A9A1A1D2E446A5AD9 /* Frameworks */,
			);
			sourceTree = "<group>";
		};
		329559C52F96CF8F0047FDCA /* Products */ = {
			isa = PBXGroup;
			children = (
				329559C42F96CF8F0047FDCA /* ispy.app */,
			);
			name = Products;
			sourceTree = "<group>";
		};
		822B695A9A1A1D2E446A5AD9 /* Frameworks */ = {
			isa = PBXGroup;
			children = (
				3C7B9084CA8F8F8D56D5704B /* Pods_ispy.framework */,
			);
			name = Frameworks;
			sourceTree = "<group>";
		};
		F96B9ED67E4750C457103F3F /* Pods */ = {
			isa = PBXGroup;
			children = (
				64D808CEB5DD2E79268A0A8F /* Pods-ispy.debug.xcconfig */,
				0F5B82824EDF6B252DC325C0 /* Pods-ispy.release.xcconfig */,
			);
			path = Pods;
			sourceTree = "<group>";
		};
/* End PBXGroup section */

/* Begin PBXNativeTarget section */
		329559C32F96CF8F0047FDCA /* ispy */ = {
			isa = PBXNativeTarget;
			buildConfigurationList = 329559CF2F96CF910047FDCA /* Build configuration list for PBXNativeTarget "ispy" */;
			buildPhases = (
				E69DC123083CF9AF6AE100D3 /* [CP] Check Pods Manifest.lock */,
				329559C02F96CF8F0047FDCA /* Sources */,
				329559C12F96CF8F0047FDCA /* Frameworks */,
				329559C22F96CF8F0047FDCA /* Resources */,
			);
			buildRules = (
			);
			dependencies = (
			);
			fileSystemSynchronizedGroups = (
				329559C62F96CF8F0047FDCA /* ispy */,
			);
			name = ispy;
			productName = ispy;
			productReference = 329559C42F96CF8F0047FDCA /* ispy.app */;
			productType = "com.apple.product-type.application";
		};
/* End PBXNativeTarget section */

/* Begin PBXProject section */
		329559BC2F96CF8F0047FDCA /* Project object */ = {
			isa = PBXProject;
			attributes = {
				BuildIndependentTargetsInParallel = 1;
				LastSwiftUpdateCheck = 2640;
				LastUpgradeCheck = 2640;
				TargetAttributes = {
					329559C32F96CF8F0047FDCA = {
						CreatedOnToolsVersion = 26.4;
					};
				};
			};
			buildConfigurationList = 329559BF2F96CF8F0047FDCA /* Build configuration list for PBXProject "ispy" */;
			developmentRegion = en;
			hasScannedForEncodings = 0;
			knownRegions = (
				en,
				Base,
			);
			mainGroup = 329559BB2F96CF8F0047FDCA;
			minimizedProjectReferenceProxies = 1;
			packageReferences = (
				32557CE62F9804CD00D2DCCB /* XCRemoteSwiftPackageReference "swift-transformers" */,
				32557CED2F9804ED00D2DCCB /* XCRemoteSwiftPackageReference "mlx-swift-lm" */,
				32557CF42F98050800D2DCCB /* XCRemoteSwiftPackageReference "mlx-swift" */,
				AA0000032F99ABCD00000003 /* XCRemoteSwiftPackageReference "LiteRTLM-Swift" */,
			);
			preferredProjectObjectVersion = 77;
			productRefGroup = 329559C52F96CF8F0047FDCA /* Products */;
			projectDirPath = "";
			projectRoot = "";
			targets = (
				329559C32F96CF8F0047FDCA /* ispy */,
			);
		};
/* End PBXProject section */

/* Begin PBXResourcesBuildPhase section */
		329559C22F96CF8F0047FDCA /* Resources */ = {
			isa = PBXResourcesBuildPhase;
			buildActionMask = 2147483647;
			files = (
			);
			runOnlyForDeploymentPostprocessing = 0;
		};
/* End PBXResourcesBuildPhase section */

/* Begin PBXShellScriptBuildPhase section */
		E69DC123083CF9AF6AE100D3 /* [CP] Check Pods Manifest.lock */ = {
			isa = PBXShellScriptBuildPhase;
			buildActionMask = 2147483647;
			files = (
			);
			inputFileListPaths = (
			);
			inputPaths = (
				"${PODS_PODFILE_DIR_PATH}/Podfile.lock",
				"${PODS_ROOT}/Manifest.lock",
			);
			name = "[CP] Check Pods Manifest.lock";
			outputFileListPaths = (
			);
			outputPaths = (
				"$(DERIVED_FILE_DIR)/Pods-ispy-checkManifestLockResult.txt",
			);
			runOnlyForDeploymentPostprocessing = 0;
			shellPath = /bin/sh;
			shellScript = "diff \"${PODS_PODFILE_DIR_PATH}/Podfile.lock\" \"${PODS_ROOT}/Manifest.lock\" > /dev/null\nif [ $? != 0 ] ; then\n    # print error to STDERR\n    echo \"error: The sandbox is not in sync with the Podfile.lock. Run 'pod install' or update your CocoaPods installation.\" >&2\n    exit 1\nfi\n# This output is used by Xcode 'outputs' to avoid re-running this script phase.\necho \"SUCCESS\" > \"${SCRIPT_OUTPUT_FILE_0}\"\n";
			showEnvVarsInLog = 0;
		};
/* End PBXShellScriptBuildPhase section */

/* Begin PBXSourcesBuildPhase section */
		329559C02F96CF8F0047FDCA /* Sources */ = {
			isa = PBXSourcesBuildPhase;
			buildActionMask = 2147483647;
			files = (
			);
			runOnlyForDeploymentPostprocessing = 0;
		};
/* End PBXSourcesBuildPhase section */

/* Begin XCBuildConfiguration section */
		329559CD2F96CF910047FDCA /* Debug */ = {
			isa = XCBuildConfiguration;
			buildSettings = {
				ALWAYS_SEARCH_USER_PATHS = NO;
				ASSETCATALOG_COMPILER_GENERATE_SWIFT_ASSET_SYMBOL_EXTENSIONS = YES;
				CLANG_ANALYZER_NONNULL = YES;
				CLANG_ANALYZER_NUMBER_OBJECT_CONVERSION = YES_AGGRESSIVE;
				CLANG_CXX_LANGUAGE_STANDARD = "gnu++20";
				CLANG_ENABLE_MODULES = YES;
				CLANG_ENABLE_OBJC_ARC = YES;
				CLANG_ENABLE_OBJC_WEAK = YES;
				CLANG_WARN_BLOCK_CAPTURE_AUTORELEASING = YES;
				CLANG_WARN_BOOL_CONVERSION = YES;
				CLANG_WARN_COMMA = YES;
				CLANG_WARN_CONSTANT_CONVERSION = YES;
				CLANG_WARN_DEPRECATED_OBJC_IMPLEMENTATIONS = YES;
				CLANG_WARN_DIRECT_OBJC_ISA_USAGE = YES_ERROR;
				CLANG_WARN_DOCUMENTATION_COMMENTS = YES;
				CLANG_WARN_EMPTY_BODY = YES;
				CLANG_WARN_ENUM_CONVERSION = YES;
				CLANG_WARN_INFINITE_RECURSION = YES;
				CLANG_WARN_INT_CONVERSION = YES;
				CLANG_WARN_NON_LITERAL_NULL_CONVERSION = YES;
				CLANG_WARN_OBJC_IMPLICIT_RETAIN_SELF = YES;
				CLANG_WARN_OBJC_LITERAL_CONVERSION = YES;
				CLANG_WARN_OBJC_ROOT_CLASS = YES_ERROR;
				CLANG_WARN_QUOTED_INCLUDE_IN_FRAMEWORK_HEADER = YES;
				CLANG_WARN_RANGE_LOOP_ANALYSIS = YES;
				CLANG_WARN_STRICT_PROTOTYPES = YES;
				CLANG_WARN_SUSPICIOUS_MOVE = YES;
				CLANG_WARN_UNGUARDED_AVAILABILITY = YES_AGGRESSIVE;
				CLANG_WARN_UNREACHABLE_CODE = YES;
				CLANG_WARN__DUPLICATE_METHOD_MATCH = YES;
				COPY_PHASE_STRIP = NO;
				DEBUG_INFORMATION_FORMAT = dwarf;
				DEVELOPMENT_TEAM = UMBF827896;
				ENABLE_STRICT_OBJC_MSGSEND = YES;
				ENABLE_TESTABILITY = YES;
				ENABLE_USER_SCRIPT_SANDBOXING = YES;
				GCC_C_LANGUAGE_STANDARD = gnu17;
				GCC_DYNAMIC_NO_PIC = NO;
				GCC_NO_COMMON_BLOCKS = YES;
				GCC_OPTIMIZATION_LEVEL = 0;
				GCC_PREPROCESSOR_DEFINITIONS = (
					"DEBUG=1",
					"$(inherited)",
				);
				GCC_WARN_64_TO_32_BIT_CONVERSION = YES;
				GCC_WARN_ABOUT_RETURN_TYPE = YES_ERROR;
				GCC_WARN_UNDECLARED_SELECTOR = YES;
				GCC_WARN_UNINITIALIZED_AUTOS = YES_AGGRESSIVE;
				GCC_WARN_UNUSED_FUNCTION = YES;
				GCC_WARN_UNUSED_VARIABLE = YES;
				IPHONEOS_DEPLOYMENT_TARGET = 26.4;
				LOCALIZATION_PREFERS_STRING_CATALOGS = YES;
				MTL_ENABLE_DEBUG_INFO = INCLUDE_SOURCE;
				MTL_FAST_MATH = YES;
				ONLY_ACTIVE_ARCH = YES;
				SDKROOT = iphoneos;
				SWIFT_ACTIVE_COMPILATION_CONDITIONS = "DEBUG $(inherited)";
				SWIFT_OPTIMIZATION_LEVEL = "-Onone";
			};
			name = Debug;
		};
		329559CE2F96CF910047FDCA /* Release */ = {
			isa = XCBuildConfiguration;
			buildSettings = {
				ALWAYS_SEARCH_USER_PATHS = NO;
				ASSETCATALOG_COMPILER_GENERATE_SWIFT_ASSET_SYMBOL_EXTENSIONS = YES;
				CLANG_ANALYZER_NONNULL = YES;
				CLANG_ANALYZER_NUMBER_OBJECT_CONVERSION = YES_AGGRESSIVE;
				CLANG_CXX_LANGUAGE_STANDARD = "gnu++20";
				CLANG_ENABLE_MODULES = YES;
				CLANG_ENABLE_OBJC_ARC = YES;
				CLANG_ENABLE_OBJC_WEAK = YES;
				CLANG_WARN_BLOCK_CAPTURE_AUTORELEASING = YES;
				CLANG_WARN_BOOL_CONVERSION = YES;
				CLANG_WARN_COMMA = YES;
				CLANG_WARN_CONSTANT_CONVERSION = YES;
				CLANG_WARN_DEPRECATED_OBJC_IMPLEMENTATIONS = YES;
				CLANG_WARN_DIRECT_OBJC_ISA_USAGE = YES_ERROR;
				CLANG_WARN_DOCUMENTATION_COMMENTS = YES;
				CLANG_WARN_EMPTY_BODY = YES;
				CLANG_WARN_ENUM_CONVERSION = YES;
				CLANG_WARN_INFINITE_RECURSION = YES;
				CLANG_WARN_INT_CONVERSION = YES;
				CLANG_WARN_NON_LITERAL_NULL_CONVERSION = YES;
				CLANG_WARN_OBJC_IMPLICIT_RETAIN_SELF = YES;
				CLANG_WARN_OBJC_LITERAL_CONVERSION = YES;
				CLANG_WARN_OBJC_ROOT_CLASS = YES_ERROR;
				CLANG_WARN_QUOTED_INCLUDE_IN_FRAMEWORK_HEADER = YES;
				CLANG_WARN_RANGE_LOOP_ANALYSIS = YES;
				CLANG_WARN_STRICT_PROTOTYPES = YES;
				CLANG_WARN_SUSPICIOUS_MOVE = YES;
				CLANG_WARN_UNGUARDED_AVAILABILITY = YES_AGGRESSIVE;
				CLANG_WARN_UNREACHABLE_CODE = YES;
				CLANG_WARN__DUPLICATE_METHOD_MATCH = YES;
				COPY_PHASE_STRIP = NO;
				DEBUG_INFORMATION_FORMAT = "dwarf-with-dsym";
				DEVELOPMENT_TEAM = UMBF827896;
				ENABLE_NS_ASSERTIONS = NO;
				ENABLE_STRICT_OBJC_MSGSEND = YES;
				ENABLE_USER_SCRIPT_SANDBOXING = YES;
				GCC_C_LANGUAGE_STANDARD = gnu17;
				GCC_NO_COMMON_BLOCKS = YES;
				GCC_WARN_64_TO_32_BIT_CONVERSION = YES;
				GCC_WARN_ABOUT_RETURN_TYPE = YES_ERROR;
				GCC_WARN_UNDECLARED_SELECTOR = YES;
				GCC_WARN_UNINITIALIZED_AUTOS = YES_AGGRESSIVE;
				GCC_WARN_UNUSED_FUNCTION = YES;
				GCC_WARN_UNUSED_VARIABLE = YES;
				IPHONEOS_DEPLOYMENT_TARGET = 26.4;
				LOCALIZATION_PREFERS_STRING_CATALOGS = YES;
				MTL_ENABLE_DEBUG_INFO = NO;
				MTL_FAST_MATH = YES;
				SDKROOT = iphoneos;
				SWIFT_COMPILATION_MODE = wholemodule;
				VALIDATE_PRODUCT = YES;
			};
			name = Release;
		};
		329559D02F96CF910047FDCA /* Debug */ = {
			isa = XCBuildConfiguration;
			baseConfigurationReference = 64D808CEB5DD2E79268A0A8F /* Pods-ispy.debug.xcconfig */;
			buildSettings = {
				ASSETCATALOG_COMPILER_APPICON_NAME = AppIcon;
				ASSETCATALOG_COMPILER_GLOBAL_ACCENT_COLOR_NAME = AccentColor;
				CODE_SIGN_STYLE = Automatic;
				CURRENT_PROJECT_VERSION = 1;
				DEVELOPMENT_TEAM = UMBF827896;
				ENABLE_PREVIEWS = YES;
				GENERATE_INFOPLIST_FILE = YES;
				INFOPLIST_KEY_NSCameraUsageDescription = "ispy uses the camera to capture moments";
				INFOPLIST_KEY_NSPhotoLibraryUsageDescription = "ispy reads your photo library to analyze images";
				INFOPLIST_KEY_UIApplicationSceneManifest_Generation = YES;
				INFOPLIST_KEY_UIApplicationSupportsIndirectInputEvents = YES;
				INFOPLIST_KEY_UILaunchScreen_Generation = YES;
				INFOPLIST_KEY_UISupportedInterfaceOrientations_iPad = "UIInterfaceOrientationPortrait UIInterfaceOrientationPortraitUpsideDown UIInterfaceOrientationLandscapeLeft UIInterfaceOrientationLandscapeRight";
				INFOPLIST_KEY_UISupportedInterfaceOrientations_iPhone = "UIInterfaceOrientationPortrait UIInterfaceOrientationLandscapeLeft UIInterfaceOrientationLandscapeRight";
				IPHONEOS_DEPLOYMENT_TARGET = 17;
				LD_RUNPATH_SEARCH_PATHS = (
					"$(inherited)",
					"@executable_path/Frameworks",
				);
				MARKETING_VERSION = 1.0;
				PRODUCT_BUNDLE_IDENTIFIER = com.dima.ispy;
				PRODUCT_NAME = "$(TARGET_NAME)";
				STRING_CATALOG_GENERATE_SYMBOLS = YES;
				SWIFT_APPROACHABLE_CONCURRENCY = YES;
				SWIFT_DEFAULT_ACTOR_ISOLATION = MainActor;
				SWIFT_EMIT_LOC_STRINGS = YES;
				SWIFT_UPCOMING_FEATURE_MEMBER_IMPORT_VISIBILITY = YES;
				SWIFT_VERSION = 5.0;
				TARGETED_DEVICE_FAMILY = "1,2";
			};
			name = Debug;
		};
		329559D12F96CF910047FDCA /* Release */ = {
			isa = XCBuildConfiguration;
			baseConfigurationReference = 0F5B82824EDF6B252DC325C0 /* Pods-ispy.release.xcconfig */;
			buildSettings = {
				ASSETCATALOG_COMPILER_APPICON_NAME = AppIcon;
				ASSETCATALOG_COMPILER_GLOBAL_ACCENT_COLOR_NAME = AccentColor;
				CODE_SIGN_STYLE = Automatic;
				CURRENT_PROJECT_VERSION = 1;
				DEVELOPMENT_TEAM = UMBF827896;
				ENABLE_PREVIEWS = YES;
				GENERATE_INFOPLIST_FILE = YES;
				INFOPLIST_KEY_NSCameraUsageDescription = "ispy uses the camera to capture moments";
				INFOPLIST_KEY_NSPhotoLibraryUsageDescription = "ispy reads your photo library to analyze images";
				INFOPLIST_KEY_UIApplicationSceneManifest_Generation = YES;
				INFOPLIST_KEY_UIApplicationSupportsIndirectInputEvents = YES;
				INFOPLIST_KEY_UILaunchScreen_Generation = YES;
				INFOPLIST_KEY_UISupportedInterfaceOrientations_iPad = "UIInterfaceOrientationPortrait UIInterfaceOrientationPortraitUpsideDown UIInterfaceOrientationLandscapeLeft UIInterfaceOrientationLandscapeRight";
				INFOPLIST_KEY_UISupportedInterfaceOrientations_iPhone = "UIInterfaceOrientationPortrait UIInterfaceOrientationLandscapeLeft UIInterfaceOrientationLandscapeRight";
				IPHONEOS_DEPLOYMENT_TARGET = 17;
				LD_RUNPATH_SEARCH_PATHS = (
					"$(inherited)",
					"@executable_path/Frameworks",
				);
				MARKETING_VERSION = 1.0;
				PRODUCT_BUNDLE_IDENTIFIER = com.dima.ispy;
				PRODUCT_NAME = "$(TARGET_NAME)";
				STRING_CATALOG_GENERATE_SYMBOLS = YES;
				SWIFT_APPROACHABLE_CONCURRENCY = YES;
				SWIFT_DEFAULT_ACTOR_ISOLATION = MainActor;
				SWIFT_EMIT_LOC_STRINGS = YES;
				SWIFT_UPCOMING_FEATURE_MEMBER_IMPORT_VISIBILITY = YES;
				SWIFT_VERSION = 5.0;
				TARGETED_DEVICE_FAMILY = "1,2";
			};
			name = Release;
		};
/* End XCBuildConfiguration section */

/* Begin XCConfigurationList section */
		329559BF2F96CF8F0047FDCA /* Build configuration list for PBXProject "ispy" */ = {
			isa = XCConfigurationList;
			buildConfigurations = (
				329559CD2F96CF910047FDCA /* Debug */,
				329559CE2F96CF910047FDCA /* Release */,
			);
			defaultConfigurationIsVisible = 0;
			defaultConfigurationName = Release;
		};
		329559CF2F96CF910047FDCA /* Build configuration list for PBXNativeTarget "ispy" */ = {
			isa = XCConfigurationList;
			buildConfigurations = (
				329559D02F96CF910047FDCA /* Debug */,
				329559D12F96CF910047FDCA /* Release */,
			);
			defaultConfigurationIsVisible = 0;
			defaultConfigurationName = Release;
		};
/* End XCConfigurationList section */

/* Begin XCRemoteSwiftPackageReference section */
		32557CE62F9804CD00D2DCCB /* XCRemoteSwiftPackageReference "swift-transformers" */ = {
			isa = XCRemoteSwiftPackageReference;
			repositoryURL = "https://github.com/huggingface/swift-transformers.git";
			requirement = {
				kind = upToNextMajorVersion;
				minimumVersion = 1.3.0;
			};
			traits = (
			);
		};
		32557CED2F9804ED00D2DCCB /* XCRemoteSwiftPackageReference "mlx-swift-lm" */ = {
			isa = XCRemoteSwiftPackageReference;
			repositoryURL = "https://github.com/ml-explore/mlx-swift-lm.git";
			requirement = {
				kind = upToNextMajorVersion;
				minimumVersion = 3.31.3;
			};
		};
		32557CF42F98050800D2DCCB /* XCRemoteSwiftPackageReference "mlx-swift" */ = {
			isa = XCRemoteSwiftPackageReference;
			repositoryURL = "https://github.com/ml-explore/mlx-swift.git";
			requirement = {
				kind = upToNextMajorVersion;
				minimumVersion = 0.31.3;
			};
		};
		AA0000032F99ABCD00000003 /* XCRemoteSwiftPackageReference "LiteRTLM-Swift" */ = {
			isa = XCRemoteSwiftPackageReference;
			repositoryURL = "https://github.com/mylovelycodes/LiteRTLM-Swift.git";
			requirement = {
				branch = main;
				kind = branch;
			};
		};
/* End XCRemoteSwiftPackageReference section */

/* Begin XCSwiftPackageProductDependency section */
		32557CE72F9804CD00D2DCCB /* Hub */ = {
			isa = XCSwiftPackageProductDependency;
			package = 32557CE62F9804CD00D2DCCB /* XCRemoteSwiftPackageReference "swift-transformers" */;
			productName = Hub;
		};
		32557CE92F9804CD00D2DCCB /* Tokenizers */ = {
			isa = XCSwiftPackageProductDependency;
			package = 32557CE62F9804CD00D2DCCB /* XCRemoteSwiftPackageReference "swift-transformers" */;
			productName = Tokenizers;
		};
		32557CEB2F9804CD00D2DCCB /* Transformers */ = {
			isa = XCSwiftPackageProductDependency;
			package = 32557CE62F9804CD00D2DCCB /* XCRemoteSwiftPackageReference "swift-transformers" */;
			productName = Transformers;
		};
		32557CEE2F9804ED00D2DCCB /* MLXHuggingFace */ = {
			isa = XCSwiftPackageProductDependency;
			package = 32557CED2F9804ED00D2DCCB /* XCRemoteSwiftPackageReference "mlx-swift-lm" */;
			productName = MLXHuggingFace;
		};
		32557CF02F9804ED00D2DCCB /* MLXLMCommon */ = {
			isa = XCSwiftPackageProductDependency;
			package = 32557CED2F9804ED00D2DCCB /* XCRemoteSwiftPackageReference "mlx-swift-lm" */;
			productName = MLXLMCommon;
		};
		32557CF22F9804ED00D2DCCB /* MLXVLM */ = {
			isa = XCSwiftPackageProductDependency;
			package = 32557CED2F9804ED00D2DCCB /* XCRemoteSwiftPackageReference "mlx-swift-lm" */;
			productName = MLXVLM;
		};
		32557CF52F98050800D2DCCB /* MLX */ = {
			isa = XCSwiftPackageProductDependency;
			package = 32557CF42F98050800D2DCCB /* XCRemoteSwiftPackageReference "mlx-swift" */;
			productName = MLX;
		};
		32557CF72F98050800D2DCCB /* MLXFast */ = {
			isa = XCSwiftPackageProductDependency;
			package = 32557CF42F98050800D2DCCB /* XCRemoteSwiftPackageReference "mlx-swift" */;
			productName = MLXFast;
		};
		32557CF92F98050800D2DCCB /* MLXRandom */ = {
			isa = XCSwiftPackageProductDependency;
			package = 32557CF42F98050800D2DCCB /* XCRemoteSwiftPackageReference "mlx-swift" */;
			productName = MLXRandom;
		};
		32557CFB2F98055E00D2DCCB /* Hub */ = {
			isa = XCSwiftPackageProductDependency;
			package = 32557CE62F9804CD00D2DCCB /* XCRemoteSwiftPackageReference "swift-transformers" */;
			productName = Hub;
		};
		AA0000022F99ABCD00000002 /* LiteRTLMSwift */ = {
			isa = XCSwiftPackageProductDependency;
			package = AA0000032F99ABCD00000003 /* XCRemoteSwiftPackageReference "LiteRTLM-Swift" */;
			productName = LiteRTLMSwift;
		};
/* End XCSwiftPackageProductDependency section */
	};
	rootObject = 329559BC2F96CF8F0047FDCA /* Project object */;
}
